{
  "version": 4,
  "terraform_version": "1.4.2",
  "serial": 1,
  "lineage": "4c14499c-05f3-4464-97a3-7a042bdd3040",
  "outputs": {},
  "resources": [
    {
      "module": "module.newrelic_alerts_policy",
      "mode": "managed",
      "type": "newrelic_alert_policy",
      "name": "example",
      "provider": "module.newrelic_alerts_policy.provider[\"registry.terraform.io/newrelic/newrelic\"]",
      "instances": [
        {
          "schema_version": 0,
          "attributes": {
            "account_id": 4210388,
            "channel_ids": null,
            "id": "4891818",
            "incident_preference": "PER_CONDITION",
            "name": "Example Policy"
          },
          "sensitive_attributes": [],
          "private": "bnVsbA=="
        }
      ]
    }
  ],
  "check_results": null
}
